lockfileVersion: '6.0'

settings:
  autoInstallPeers: true
  excludeLinksFromLockfile: false

dependencies:
  '@tauri-apps/cli':
    specifier: ^1.0.0
    version: 1.5.7

packages:

  /@tauri-apps/cli-darwin-arm64@1.5.7:
    resolution: {integrity: sha512-eUpOUhs2IOpKaLa6RyGupP2owDLfd0q2FR/AILzryjtBtKJJRDQQvuotf+LcbEce2Nc2AHeYJIqYAsB4sw9K+g==}
    engines: {node: '>= 10'}
    cpu: [arm64]
    os: [darwin]
    requiresBuild: true
    dev: false
    optional: true

  /@tauri-apps/cli-darwin-x64@1.5.7:
    resolution: {integrity: sha512-zfumTv1xUuR+RB1pzhRy+51tB6cm8I76g0xUBaXOfEdOJ9FqW5GW2jdnEUbpNuU65qJ1lB8LVWHKGrSWWKazew==}
    engines: {node: '>= 10'}
    cpu: [x64]
    os: [darwin]
    requiresBuild: true
    dev: false
    optional: true

  /@tauri-apps/cli-linux-arm-gnueabihf@1.5.7:
    resolution: {integrity: sha512-JngWNqS06bMND9PhiPWp0e+yknJJuSozsSbo+iMzHoJNRauBZCUx+HnUcygUR66Cy6qM4eJvLXtsRG7ApxvWmg==}
    engines: {node: '>= 10'}
    cpu: [arm]
    os: [linux]
    requiresBuild: true
    dev: false
    optional: true

  /@tauri-apps/cli-linux-arm64-gnu@1.5.7:
    resolution: {integrity: sha512-WyIYP9BskgBGq+kf4cLAyru8ArrxGH2eMYGBJvuNEuSaqBhbV0i1uUxvyWdazllZLAEz1WvSocUmSwLknr1+sQ==}
    engines: {node: '>= 10'}
    cpu: [arm64]
    os: [linux]
    requiresBuild: true
    dev: false
    optional: true

  /@tauri-apps/cli-linux-arm64-musl@1.5.7:
    resolution: {integrity: sha512-OrDpihQP2MB0JY1a/wP9wsl9dDjFDpVEZOQxt4hU+UVGRCZQok7ghPBg4+Xpd1CkNkcCCuIeY8VxRvwLXpnIzg==}
    engines: {node: '>= 10'}
    cpu: [arm64]
    os: [linux]
    requiresBuild: true
    dev: false
    optional: true

  /@tauri-apps/cli-linux-x64-gnu@1.5.7:
    resolution: {integrity: sha512-4T7FAYVk76rZi8VkuLpiKUAqaSxlva86C1fHm/RtmoTKwZEV+MI3vIMoVg+AwhyWIy9PS55C75nF7+OwbnFnvQ==}
    engines: {node: '>= 10'}
    cpu: [x64]
    os: [linux]
    requiresBuild: true
    dev: false
    optional: true

  /@tauri-apps/cli-linux-x64-musl@1.5.7:
    resolution: {integrity: sha512-LL9aMK601BmQjAUDcKWtt5KvAM0xXi0iJpOjoUD3LPfr5dLvBMTflVHQDAEtuZexLQyqpU09+60781PrI/FCTw==}
    engines: {node: '>= 10'}
    cpu: [x64]
    os: [linux]
    requiresBuild: true
    dev: false
    optional: true

  /@tauri-apps/cli-win32-arm64-msvc@1.5.7:
    resolution: {integrity: sha512-TmAdM6GVkfir3AUFsDV2gyc25kIbJeAnwT72OnmJGAECHs/t/GLP9IkFLLVcFKsiosRf8BXhVyQ84NYkSWo14w==}
    engines: {node: '>= 10'}
    cpu: [arm64]
    os: [win32]
    requiresBuild: true
    dev: false
    optional: true

  /@tauri-apps/cli-win32-ia32-msvc@1.5.7:
    resolution: {integrity: sha512-bqWfxwCfLmrfZy69sEU19KHm5TFEaMb8KIekd4aRq/kyOlrjKLdZxN1PyNRP8zpJA1lTiRHzfUDfhpmnZH/skg==}
    engines: {node: '>= 10'}
    cpu: [ia32]
    os: [win32]
    requiresBuild: true
    dev: false
    optional: true

  /@tauri-apps/cli-win32-x64-msvc@1.5.7:
    resolution: {integrity: sha512-OxLHVBNdzyQ//xT3kwjQFnJTn/N5zta/9fofAkXfnL7vqmVn6s/RY1LDa3sxCHlRaKw0n3ShpygRbM9M8+sO9w==}
    engines: {node: '>= 10'}
    cpu: [x64]
    os: [win32]
    requiresBuild: true
    dev: false
    optional: true

  /@tauri-apps/cli@1.5.7:
    resolution: {integrity: sha512-z7nXLpDAYfQqR5pYhQlWOr88DgPq1AfQyxHhGiakiVgWlaG0ikEfQxop2txrd52H0TRADG0JHR9vFrVFPv4hVQ==}
    engines: {node: '>= 10'}
    hasBin: true
    optionalDependencies:
      '@tauri-apps/cli-darwin-arm64': 1.5.7
      '@tauri-apps/cli-darwin-x64': 1.5.7
      '@tauri-apps/cli-linux-arm-gnueabihf': 1.5.7
      '@tauri-apps/cli-linux-arm64-gnu': 1.5.7
      '@tauri-apps/cli-linux-arm64-musl': 1.5.7
      '@tauri-apps/cli-linux-x64-gnu': 1.5.7
      '@tauri-apps/cli-linux-x64-musl': 1.5.7
      '@tauri-apps/cli-win32-arm64-msvc': 1.5.7
      '@tauri-apps/cli-win32-ia32-msvc': 1.5.7
      '@tauri-apps/cli-win32-x64-msvc': 1.5.7
    dev: false
